
Microsoft Visual Studio Solution File, Format Version 12.00
# Visual Studio Version 16
VisualStudioVersion = 16.0.30804.86
MinimumVisualStudioVersion = 10.0.40219.1
Project("{FAE04EC0-301F-11D3-BF4B-00C04F79EFBC}") = "ClassesStuffs", "ClassesStuffs\ClassesStuffs.csproj", "{9B311AA4-9290-4158-8F7D-CCBB89A7E4AF}"
EndProject
Global
	GlobalSection(SolutionConfigurationPlatforms) = preSolution
		Debug|Any CPU = Debug|Any CPU
		Release|Any CPU = Release|Any CPU
	EndGlobalSection
	GlobalSection(ProjectConfigurationPlatforms) = postSolution
		{9B311AA4-9290-4158-8F7D-CCBB89A7E4AF}.Debug|Any CPU.ActiveCfg = Debug|Any CPU
		{9B311AA4-9290-4158-8F7D-CCBB89A7E4AF}.Debug|Any CPU.Build.0 = Debug|Any CPU
		{9B311AA4-9290-4158-8F7D-CCBB89A7E4AF}.Release|Any CPU.ActiveCfg = Release|Any CPU
		{9B311AA4-9290-4158-8F7D-CCBB89A7E4AF}.Release|Any CPU.Build.0 = Release|Any CPU
	EndGlobalSection
	GlobalSection(SolutionProperties) = preSolution
		HideSolutionNode = FALSE
	EndGlobalSection
	GlobalSection(ExtensibilityGlobals) = postSolution
		SolutionGuid = {21DFF2B9-35D2-4FDC-BAFB-1C45D1D2308F}
	EndGlobalSection
EndGlobal
